
Microsoft Visual Studio Solution File, Format Version 12.00
# Visual Studio Version 16
VisualStudioVersion = 16.0.29215.179
MinimumVisualStudioVersion = 10.0.40219.1
Project("{FAE04EC0-301F-11D3-BF4B-00C04F79EFBC}") = "ConsoleApp1", "ConsoleApp1\ConsoleApp1.csproj", "{9291F455-21EE-4126-B4BF-2C650254331B}"
EndProject
Global
	GlobalSection(SolutionConfigurationPlatforms) = preSolution
		Debug|Any CPU = Debug|Any CPU
		Release|Any CPU = Release|Any CPU
	EndGlobalSection
	GlobalSection(ProjectConfigurationPlatforms) = postSolution
		{9291F455-21EE-4126-B4BF-2C650254331B}.Debug|Any CPU.ActiveCfg = Debug|Any CPU
		{9291F455-21EE-4126-B4BF-2C650254331B}.Debug|Any CPU.Build.0 = Debug|Any CPU
		{9291F455-21EE-4126-B4BF-2C650254331B}.Release|Any CPU.ActiveCfg = Release|Any CPU
		{9291F455-21EE-4126-B4BF-2C650254331B}.Release|Any CPU.Build.0 = Release|Any CPU
	EndGlobalSection
	GlobalSection(SolutionProperties) = preSolution
		HideSolutionNode = FALSE
	EndGlobalSection
	GlobalSection(ExtensibilityGlobals) = postSolution
		SolutionGuid = {696447A2-237B-4E8A-86C4-9FA6B2D1537E}
	EndGlobalSection
EndGlobal
